// !$*UTF8*$!
{
	archiveVersion = 1;
	classes = {
	};
	objectVersion = 46;
	objects = {

/* Begin PBXBuildFile section */
		79A9BB2A15583F3C0072749E /* UIKit.framework in Frameworks */ = {isa = PBXBuildFile; fileRef = 79A9BB2915583F3C0072749E /* UIKit.framework */; };
		79A9BB2C15583F3C0072749E /* Foundation.framework in Frameworks */ = {isa = PBXBuildFile; fileRef = 79A9BB2B15583F3C0072749E /* Foundation.framework */; };
		79A9BB2E15583F3C0072749E /* CoreGraphics.framework in Frameworks */ = {isa = PBXBuildFile; fileRef = 79A9BB2D15583F3C0072749E /* CoreGraphics.framework */; };
		79A9BB3415583F3C0072749E /* InfoPlist.strings in Resources */ = {isa = PBXBuildFile; fileRef = 79A9BB3215583F3C0072749E /* InfoPlist.strings */; };
		79A9BB3615583F3C0072749E /* main.m in Sources */ = {isa = PBXBuildFile; fileRef = 79A9BB3515583F3C0072749E /* main.m */; };
		79A9BB3A15583F3C0072749E /* VBAppDelegate.m in Sources */ = {isa = PBXBuildFile; fileRef = 79A9BB3915583F3C0072749E /* VBAppDelegate.m */; };
		79A9BB3D15583F3C0072749E /* MainStoryboard.storyboard in Resources */ = {isa = PBXBuildFile; fileRef = 79A9BB3B15583F3C0072749E /* MainStoryboard.storyboard */; };
		79A9BB4015583F3C0072749E /* VBViewController.m in Sources */ = {isa = PBXBuildFile; fileRef = 79A9BB3F15583F3C0072749E /* VBViewController.m */; };
		79A9BB4815583F3C0072749E /* SenTestingKit.framework in Frameworks */ = {isa = PBXBuildFile; fileRef = 79A9BB4715583F3C0072749E /* SenTestingKit.framework */; };
		79A9BB4915583F3C0072749E /* UIKit.framework in Frameworks */ = {isa = PBXBuildFile; fileRef = 79A9BB2915583F3C0072749E /* UIKit.framework */; };
		79A9BB4A15583F3C0072749E /* Foundation.framework in Frameworks */ = {isa = PBXBuildFile; fileRef = 79A9BB2B15583F3C0072749E /* Foundation.framework */; };
		79A9BB5215583F3C0072749E /* InfoPlist.strings in Resources */ = {isa = PBXBuildFile; fileRef = 79A9BB5015583F3C0072749E /* InfoPlist.strings */; };
		79A9BB5515583F3C0072749E /* EmailRedactedTests.m in Sources */ = {isa = PBXBuildFile; fileRef = 79A9BB5415583F3C0072749E /* EmailRedactedTests.m */; };
		79A9BB60155841510072749E /* VBRedactedViewController.m in Sources */ = {isa = PBXBuildFile; fileRef = 79A9BB5F155841510072749E /* VBRedactedViewController.m */; };
/* End PBXBuildFile section */

/* Begin PBXContainerItemProxy section */
		79A9BB4B15583F3C0072749E /* PBXContainerItemProxy */ = {
			isa = PBXContainerItemProxy;
			containerPortal = 79A9BB1C15583F3C0072749E /* Project object */;
			proxyType = 1;
			remoteGlobalIDString = 79A9BB2415583F3C0072749E;
			remoteInfo = EmailRedacted;
		};
/* End PBXContainerItemProxy section */

/* Begin PBXFileReference section */
		79A9BB2515583F3C0072749E /* EmailRedacted.app */ = {isa = PBXFileReference; explicitFileType = wrapper.application; includeInIndex = 0; path = EmailRedacted.app; sourceTree = BUILT_PRODUCTS_DIR; };
		79A9BB2915583F3C0072749E /* UIKit.framework */ = {isa = PBXFileReference; lastKnownFileType = wrapper.framework; name = UIKit.framework; path = System/Library/Frameworks/UIKit.framework; sourceTree = SDKROOT; };
		79A9BB2B15583F3C0072749E /* Foundation.framework */ = {isa = PBXFileReference; lastKnownFileType = wrapper.framework; name = Foundation.framework; path = System/Library/Frameworks/Foundation.framework; sourceTree = SDKROOT; };
		79A9BB2D15583F3C0072749E /* CoreGraphics.framework */ = {isa = PBXFileReference; lastKnownFileType = wrapper.framework; name = CoreGraphics.framework; path = System/Library/Frameworks/CoreGraphics.framework; sourceTree = SDKROOT; };
		79A9BB3115583F3C0072749E /* EmailRedacted-Info.plist */ = {isa = PBXFileReference; lastKnownFileType = text.plist.xml; path = "EmailRedacted-Info.plist"; sourceTree = "<group>"; };
		79A9BB3315583F3C0072749E /* en */ = {isa = PBXFileReference; lastKnownFileType = text.plist.strings; name = en; path = en.lproj/InfoPlist.strings; sourceTree = "<group>"; };
		79A9BB3515583F3C0072749E /* main.m */ = {isa = PBXFileReference; lastKnownFileType = sourcecode.c.objc; path = main.m; sourceTree = "<group>"; };
		79A9BB3715583F3C0072749E /* EmailRedacted-Prefix.pch */ = {isa = PBXFileReference; lastKnownFileType = sourcecode.c.h; path = "EmailRedacted-Prefix.pch"; sourceTree = "<group>"; };
		79A9BB3815583F3C0072749E /* VBAppDelegate.h */ = {isa = PBXFileReference; lastKnownFileType = sourcecode.c.h; path = VBAppDelegate.h; sourceTree = "<group>"; };
		79A9BB3915583F3C0072749E /* VBAppDelegate.m */ = {isa = PBXFileReference; lastKnownFileType = sourcecode.c.objc; path = VBAppDelegate.m; sourceTree = "<group>"; };
		79A9BB3C15583F3C0072749E /* en */ = {isa = PBXFileReference; lastKnownFileType = file.storyboard; name = en; path = en.lproj/MainStoryboard.storyboard; sourceTree = "<group>"; };
		79A9BB3E15583F3C0072749E /* VBViewController.h */ = {isa = PBXFileReference; lastKnownFileType = sourcecode.c.h; path = VBViewController.h; sourceTree = "<group>"; };
		79A9BB3F15583F3C0072749E /* VBViewController.m */ = {isa = PBXFileReference; lastKnownFileType = sourcecode.c.objc; path = VBViewController.m; sourceTree = "<group>"; };
		79A9BB4615583F3C0072749E /* EmailRedactedTests.octest */ = {isa = PBXFileReference; explicitFileType = wrapper.cfbundle; includeInIndex = 0; path = EmailRedactedTests.octest; sourceTree = BUILT_PRODUCTS_DIR; };
		79A9BB4715583F3C0072749E /* SenTestingKit.framework */ = {isa = PBXFileReference; lastKnownFileType = wrapper.framework; name = SenTestingKit.framework; path = Library/Frameworks/SenTestingKit.framework; sourceTree = DEVELOPER_DIR; };
		79A9BB4F15583F3C0072749E /* EmailRedactedTests-Info.plist */ = {isa = PBXFileReference; lastKnownFileType = text.plist.xml; path = "EmailRedactedTests-Info.plist"; sourceTree = "<group>"; };
		79A9BB5115583F3C0072749E /* en */ = {isa = PBXFileReference; lastKnownFileType = text.plist.strings; name = en; path = en.lproj/InfoPlist.strings; sourceTree = "<group>"; };
		79A9BB5315583F3C0072749E /* EmailRedactedTests.h */ = {isa = PBXFileReference; lastKnownFileType = sourcecode.c.h; path = EmailRedactedTests.h; sourceTree = "<group>"; };
		79A9BB5415583F3C0072749E /* EmailRedactedTests.m */ = {isa = PBXFileReference; lastKnownFileType = sourcecode.c.objc; path = EmailRedactedTests.m; sourceTree = "<group>"; };
		79A9BB5E155841510072749E /* VBRedactedViewController.h */ = {isa = PBXFileReference; fileEncoding = 4; lastKnownFileType = sourcecode.c.h; path = VBRedactedViewController.h; sourceTree = "<group>"; };
		79A9BB5F155841510072749E /* VBRedactedViewController.m */ = {isa = PBXFileReference; fileEncoding = 4; lastKnownFileType = sourcecode.c.objc; path = VBRedactedViewController.m; sourceTree = "<group>"; };
/* End PBXFileReference section */

/* Begin PBXFrameworksBuildPhase section */
		79A9BB2215583F3C0072749E /* Frameworks */ = {
			isa = PBXFrameworksBuildPhase;
			buildActionMask = 2147483647;
			files = (
				79A9BB2A15583F3C0072749E /* UIKit.framework in Frameworks */,
				79A9BB2C15583F3C0072749E /* Foundation.framework in Frameworks */,
				79A9BB2E15583F3C0072749E /* CoreGraphics.framework in Frameworks */,
			);
			runOnlyForDeploymentPostprocessing = 0;
		};
		79A9BB4215583F3C0072749E /* Frameworks */ = {
			isa = PBXFrameworksBuildPhase;
			buildActionMask = 2147483647;
			files = (
				79A9BB4815583F3C0072749E /* SenTestingKit.framework in Frameworks */,
				79A9BB4915583F3C0072749E /* UIKit.framework in Frameworks */,
				79A9BB4A15583F3C0072749E /* Foundation.framework in Frameworks */,
			);
			runOnlyForDeploymentPostprocessing = 0;
		};
/* End PBXFrameworksBuildPhase section */

/* Begin PBXGroup section */
		79A9BB1A15583F3B0072749E = {
			isa = PBXGroup;
			children = (
				79A9BB2F15583F3C0072749E /* EmailRedacted */,
				79A9BB4D15583F3C0072749E /* EmailRedactedTests */,
				79A9BB2815583F3C0072749E /* Frameworks */,
				79A9BB2615583F3C0072749E /* Products */,
			);
			sourceTree = "<group>";
		};
		79A9BB2615583F3C0072749E /* Products */ = {
			isa = PBXGroup;
			children = (
				79A9BB2515583F3C0072749E /* EmailRedacted.app */,
				79A9BB4615583F3C0072749E /* EmailRedactedTests.octest */,
			);
			name = Products;
			sourceTree = "<group>";
		};
		79A9BB2815583F3C0072749E /* Frameworks */ = {
			isa = PBXGroup;
			children = (
				79A9BB2915583F3C0072749E /* UIKit.framework */,
				79A9BB2B15583F3C0072749E /* Foundation.framework */,
				79A9BB2D15583F3C0072749E /* CoreGraphics.framework */,
				79A9BB4715583F3C0072749E /* SenTestingKit.framework */,
			);
			name = Frameworks;
			sourceTree = "<group>";
		};
		79A9BB2F15583F3C0072749E /* EmailRedacted */ = {
			isa = PBXGroup;
			children = (
				79A9BB3815583F3C0072749E /* VBAppDelegate.h */,
				79A9BB3915583F3C0072749E /* VBAppDelegate.m */,
				79A9BB3B15583F3C0072749E /* MainStoryboard.storyboard */,
				79A9BB3E15583F3C0072749E /* VBViewController.h */,
				79A9BB3F15583F3C0072749E /* VBViewController.m */,
				79A9BB3015583F3C0072749E /* Supporting Files */,
				79A9BB5E155841510072749E /* VBRedactedViewController.h */,
				79A9BB5F155841510072749E /* VBRedactedViewController.m */,
			);
			path = EmailRedacted;
			sourceTree = "<group>";
		};
		79A9BB3015583F3C0072749E /* Supporting Files */ = {
			isa = PBXGroup;
			children = (
				79A9BB3115583F3C0072749E /* EmailRedacted-Info.plist */,
				79A9BB3215583F3C0072749E /* InfoPlist.strings */,
				79A9BB3515583F3C0072749E /* main.m */,
				79A9BB3715583F3C0072749E /* EmailRedacted-Prefix.pch */,
			);
			name = "Supporting Files";
			sourceTree = "<group>";
		};
		79A9BB4D15583F3C0072749E /* EmailRedactedTests */ = {
			isa = PBXGroup;
			children = (
				79A9BB5315583F3C0072749E /* EmailRedactedTests.h */,
				79A9BB5415583F3C0072749E /* EmailRedactedTests.m */,
				79A9BB4E15583F3C0072749E /* Supporting Files */,
			);
			path = EmailRedactedTests;
			sourceTree = "<group>";
		};
		79A9BB4E15583F3C0072749E /* Supporting Files */ = {
			isa = PBXGroup;
			children = (
				79A9BB4F15583F3C0072749E /* EmailRedactedTests-Info.plist */,
				79A9BB5015583F3C0072749E /* InfoPlist.strings */,
			);
			name = "Supporting Files";
			sourceTree = "<group>";
		};
/* End PBXGroup section */

/* Begin PBXNativeTarget section */
		79A9BB2415583F3C0072749E /* EmailRedacted */ = {
			isa = PBXNativeTarget;
			buildConfigurationList = 79A9BB5815583F3C0072749E /* Build configuration list for PBXNativeTarget "EmailRedacted" */;
			buildPhases = (
				79A9BB2115583F3C0072749E /* Sources */,
				79A9BB2215583F3C0072749E /* Frameworks */,
				79A9BB2315583F3C0072749E /* Resources */,
			);
			buildRules = (
			);
			dependencies = (
			);
			name = EmailRedacted;
			productName = EmailRedacted;
			productReference = 79A9BB2515583F3C0072749E /* EmailRedacted.app */;
			productType = "com.apple.product-type.application";
		};
		79A9BB4515583F3C0072749E /* EmailRedactedTests */ = {
			isa = PBXNativeTarget;
			buildConfigurationList = 79A9BB5B15583F3C0072749E /* Build configuration list for PBXNativeTarget "EmailRedactedTests" */;
			buildPhases = (
				79A9BB4115583F3C0072749E /* Sources */,
				79A9BB4215583F3C0072749E /* Frameworks */,
				79A9BB4315583F3C0072749E /* Resources */,
				79A9BB4415583F3C0072749E /* ShellScript */,
			);
			buildRules = (
			);
			dependencies = (
				79A9BB4C15583F3C0072749E /* PBXTargetDependency */,
			);
			name = EmailRedactedTests;
			productName = EmailRedactedTests;
			productReference = 79A9BB4615583F3C0072749E /* EmailRedactedTests.octest */;
			productType = "com.apple.product-type.bundle";
		};
/* End PBXNativeTarget section */

/* Begin PBXProject section */
		79A9BB1C15583F3C0072749E /* Project object */ = {
			isa = PBXProject;
			attributes = {
				CLASSPREFIX = VB;
				LastUpgradeCheck = 0430;
			};
			buildConfigurationList = 79A9BB1F15583F3C0072749E /* Build configuration list for PBXProject "EmailRedacted" */;
			compatibilityVersion = "Xcode 3.2";
			developmentRegion = English;
			hasScannedForEncodings = 0;
			knownRegions = (
				en,
			);
			mainGroup = 79A9BB1A15583F3B0072749E;
			productRefGroup = 79A9BB2615583F3C0072749E /* Products */;
			projectDirPath = "";
			projectRoot = "";
			targets = (
				79A9BB2415583F3C0072749E /* EmailRedacted */,
				79A9BB4515583F3C0072749E /* EmailRedactedTests */,
			);
		};
/* End PBXProject section */

/* Begin PBXResourcesBuildPhase section */
		79A9BB2315583F3C0072749E /* Resources */ = {
			isa = PBXResourcesBuildPhase;
			buildActionMask = 2147483647;
			files = (
				79A9BB3415583F3C0072749E /* InfoPlist.strings in Resources */,
				79A9BB3D15583F3C0072749E /* MainStoryboard.storyboard in Resources */,
			);
			runOnlyForDeploymentPostprocessing = 0;
		};
		79A9BB4315583F3C0072749E /* Resources */ = {
			isa = PBXResourcesBuildPhase;
			buildActionMask = 2147483647;
			files = (
				79A9BB5215583F3C0072749E /* InfoPlist.strings in Resources */,
			);
			runOnlyForDeploymentPostprocessing = 0;
		};
/* End PBXResourcesBuildPhase section */

/* Begin PBXShellScriptBuildPhase section */
		79A9BB4415583F3C0072749E /* ShellScript */ = {
			isa = PBXShellScriptBuildPhase;
			buildActionMask = 2147483647;
			files = (
			);
			inputPaths = (
			);
			outputPaths = (
			);
			runOnlyForDeploymentPostprocessing = 0;
			shellPath = /bin/sh;
			shellScript = "# Run the unit tests in this test bundle.\n\"${SYSTEM_DEVELOPER_DIR}/Tools/RunUnitTests\"\n";
		};
/* End PBXShellScriptBuildPhase section */

/* Begin PBXSourcesBuildPhase section */
		79A9BB2115583F3C0072749E /* Sources */ = {
			isa = PBXSourcesBuildPhase;
			buildActionMask = 2147483647;
			files = (
				79A9BB3615583F3C0072749E /* main.m in Sources */,
				79A9BB3A15583F3C0072749E /* VBAppDelegate.m in Sources */,
				79A9BB4015583F3C0072749E /* VBViewController.m in Sources */,
				79A9BB60155841510072749E /* VBRedactedViewController.m in Sources */,
			);
			runOnlyForDeploymentPostprocessing = 0;
		};
		79A9BB4115583F3C0072749E /* Sources */ = {
			isa = PBXSourcesBuildPhase;
			buildActionMask = 2147483647;
			files = (
				79A9BB5515583F3C0072749E /* EmailRedactedTests.m in Sources */,
			);
			runOnlyForDeploymentPostprocessing = 0;
		};
/* End PBXSourcesBuildPhase section */

/* Begin PBXTargetDependency section */
		79A9BB4C15583F3C0072749E /* PBXTargetDependency */ = {
			isa = PBXTargetDependency;
			target = 79A9BB2415583F3C0072749E /* EmailRedacted */;
			targetProxy = 79A9BB4B15583F3C0072749E /* PBXContainerItemProxy */;
		};
/* End PBXTargetDependency section */

/* Begin PBXVariantGroup section */
		79A9BB3215583F3C0072749E /* InfoPlist.strings */ = {
			isa = PBXVariantGroup;
			children = (
				79A9BB3315583F3C0072749E /* en */,
			);
			name = InfoPlist.strings;
			sourceTree = "<group>";
		};
		79A9BB3B15583F3C0072749E /* MainStoryboard.storyboard */ = {
			isa = PBXVariantGroup;
			children = (
				79A9BB3C15583F3C0072749E /* en */,
			);
			name = MainStoryboard.storyboard;
			sourceTree = "<group>";
		};
		79A9BB5015583F3C0072749E /* InfoPlist.strings */ = {
			isa = PBXVariantGroup;
			children = (
				79A9BB5115583F3C0072749E /* en */,
			);
			name = InfoPlist.strings;
			sourceTree = "<group>";
		};
/* End PBXVariantGroup section */

/* Begin XCBuildConfiguration section */
		79A9BB5615583F3C0072749E /* Debug */ = {
			isa = XCBuildConfiguration;
			buildSettings = {
				ALWAYS_SEARCH_USER_PATHS = NO;
				ARCHS = "$(ARCHS_STANDARD_32_BIT)";
				CLANG_ENABLE_OBJC_ARC = YES;
				"CODE_SIGN_IDENTITY[sdk=iphoneos*]" = "iPhone Developer";
				COPY_PHASE_STRIP = NO;
				GCC_C_LANGUAGE_STANDARD = gnu99;
				GCC_DYNAMIC_NO_PIC = NO;
				GCC_OPTIMIZATION_LEVEL = 0;
				GCC_PREPROCESSOR_DEFINITIONS = (
					"DEBUG=1",
					"$(inherited)",
				);
				GCC_SYMBOLS_PRIVATE_EXTERN = NO;
				GCC_VERSION = com.apple.compilers.llvm.clang.1_0;
				GCC_WARN_ABOUT_RETURN_TYPE = YES;
				GCC_WARN_UNINITIALIZED_AUTOS = YES;
				GCC_WARN_UNUSED_VARIABLE = YES;
				IPHONEOS_DEPLOYMENT_TARGET = 5.1;
				SDKROOT = iphoneos;
			};
			name = Debug;
		};
		79A9BB5715583F3C0072749E /* Release */ = {
			isa = XCBuildConfiguration;
			buildSettings = {
				ALWAYS_SEARCH_USER_PATHS = NO;
				ARCHS = "$(ARCHS_STANDARD_32_BIT)";
				CLANG_ENABLE_OBJC_ARC = YES;
				"CODE_SIGN_IDENTITY[sdk=iphoneos*]" = "iPhone Developer";
				COPY_PHASE_STRIP = YES;
				GCC_C_LANGUAGE_STANDARD = gnu99;
				GCC_VERSION = com.apple.compilers.llvm.clang.1_0;
				GCC_WARN_ABOUT_RETURN_TYPE = YES;
				GCC_WARN_UNINITIALIZED_AUTOS = YES;
				GCC_WARN_UNUSED_VARIABLE = YES;
				IPHONEOS_DEPLOYMENT_TARGET = 5.1;
				OTHER_CFLAGS = "-DNS_BLOCK_ASSERTIONS=1";
				SDKROOT = iphoneos;
				VALIDATE_PRODUCT = YES;
			};
			name = Release;
		};
		79A9BB5915583F3C0072749E /* Debug */ = {
			isa = XCBuildConfiguration;
			buildSettings = {
				GCC_PRECOMPILE_PREFIX_HEADER = YES;
				GCC_PREFIX_HEADER = "EmailRedacted/EmailRedacted-Prefix.pch";
				INFOPLIST_FILE = "EmailRedacted/EmailRedacted-Info.plist";
				PRODUCT_NAME = "$(TARGET_NAME)";
				WRAPPER_EXTENSION = app;
			};
			name = Debug;
		};
		79A9BB5A15583F3C0072749E /* Release */ = {
			isa = XCBuildConfiguration;
			buildSettings = {
				GCC_PRECOMPILE_PREFIX_HEADER = YES;
				GCC_PREFIX_HEADER = "EmailRedacted/EmailRedacted-Prefix.pch";
				INFOPLIST_FILE = "EmailRedacted/EmailRedacted-Info.plist";
				PRODUCT_NAME = "$(TARGET_NAME)";
				WRAPPER_EXTENSION = app;
			};
			name = Release;
		};
		79A9BB5C15583F3C0072749E /* Debug */ = {
			isa = XCBuildConfiguration;
			buildSettings = {
				BUNDLE_LOADER = "$(BUILT_PRODUCTS_DIR)/EmailRedacted.app/EmailRedacted";
				FRAMEWORK_SEARCH_PATHS = (
					"$(SDKROOT)/Developer/Library/Frameworks",
					"$(DEVELOPER_LIBRARY_DIR)/Frameworks",
				);
				GCC_PRECOMPILE_PREFIX_HEADER = YES;
				GCC_PREFIX_HEADER = "EmailRedacted/EmailRedacted-Prefix.pch";
				INFOPLIST_FILE = "EmailRedactedTests/EmailRedactedTests-Info.plist";
				PRODUCT_NAME = "$(TARGET_NAME)";
				TEST_HOST = "$(BUNDLE_LOADER)";
				WRAPPER_EXTENSION = octest;
			};
			name = Debug;
		};
		79A9BB5D15583F3C0072749E /* Release */ = {
			isa = XCBuildConfiguration;
			buildSettings = {
				BUNDLE_LOADER = "$(BUILT_PRODUCTS_DIR)/EmailRedacted.app/EmailRedacted";
				FRAMEWORK_SEARCH_PATHS = (
					"$(SDKROOT)/Developer/Library/Frameworks",
					"$(DEVELOPER_LIBRARY_DIR)/Frameworks",
				);
				GCC_PRECOMPILE_PREFIX_HEADER = YES;
				GCC_PREFIX_HEADER = "EmailRedacted/EmailRedacted-Prefix.pch";
				INFOPLIST_FILE = "EmailRedactedTests/EmailRedactedTests-Info.plist";
				PRODUCT_NAME = "$(TARGET_NAME)";
				TEST_HOST = "$(BUNDLE_LOADER)";
				WRAPPER_EXTENSION = octest;
			};
			name = Release;
		};
/* End XCBuildConfiguration section */

/* Begin XCConfigurationList section */
		79A9BB1F15583F3C0072749E /* Build configuration list for PBXProject "EmailRedacted" */ = {
			isa = XCConfigurationList;
			buildConfigurations = (
				79A9BB5615583F3C0072749E /* Debug */,
				79A9BB5715583F3C0072749E /* Release */,
			);
			defaultConfigurationIsVisible = 0;
			defaultConfigurationName = Release;
		};
		79A9BB5815583F3C0072749E /* Build configuration list for PBXNativeTarget "EmailRedacted" */ = {
			isa = XCConfigurationList;
			buildConfigurations = (
				79A9BB5915583F3C0072749E /* Debug */,
				79A9BB5A15583F3C0072749E /* Release */,
			);
			defaultConfigurationIsVisible = 0;
		};
		79A9BB5B15583F3C0072749E /* Build configuration list for PBXNativeTarget "EmailRedactedTests" */ = {
			isa = XCConfigurationList;
			buildConfigurations = (
				79A9BB5C15583F3C0072749E /* Debug */,
				79A9BB5D15583F3C0072749E /* Release */,
			);
			defaultConfigurationIsVisible = 0;
		};
/* End XCConfigurationList section */
	};
	rootObject = 79A9BB1C15583F3C0072749E /* Project object */;
}
